
Microsoft Visual Studio Solution File, Format Version 12.00
# Visual Studio 15
VisualStudioVersion = 15.0.28307.1000
MinimumVisualStudioVersion = 10.0.40219.1
Project("{A0786B88-2ADB-4C21-ABE8-AA2D79766269}") = "PHPTestWebProject2", "PHPTestWebProject2\PHPTestWebProject2.phpproj", "{A15DA2C4-F960-4000-8341-8104B23ED830}"
EndProject
Global
	GlobalSection(SolutionConfigurationPlatforms) = preSolution
		Debug|Any CPU = Debug|Any CPU
		Release|Any CPU = Release|Any CPU
	EndGlobalSection
	GlobalSection(ProjectConfigurationPlatforms) = postSolution
		{A15DA2C4-F960-4000-8341-8104B23ED830}.Debug|Any CPU.ActiveCfg = Debug|Any CPU
		{A15DA2C4-F960-4000-8341-8104B23ED830}.Release|Any CPU.ActiveCfg = Release|Any CPU
	EndGlobalSection
	GlobalSection(SolutionProperties) = preSolution
		HideSolutionNode = FALSE
	EndGlobalSection
	GlobalSection(ExtensibilityGlobals) = postSolution
		SolutionGuid = {68740797-65F3-45E9-A415-736BFEF92351}
	EndGlobalSection
EndGlobal
